
Microsoft Visual Studio Solution File, Format Version 12.00
# Visual Studio Version 17
VisualStudioVersion = 17.7.34024.191
MinimumVisualStudioVersion = 10.0.40219.1
Project("{FAE04EC0-301F-11D3-BF4B-00C04F79EFBC}") = "PZ_01", "PZ_01\PZ_01.csproj", "{A6A068A0-2DA7-44DC-AC7F-BB35291B3E8A}"
EndProject
Global
	GlobalSection(SolutionConfigurationPlatforms) = preSolution
		Debug|Any CPU = Debug|Any CPU
		Release|Any CPU = Release|Any CPU
	EndGlobalSection
	GlobalSection(ProjectConfigurationPlatforms) = postSolution
		{A6A068A0-2DA7-44DC-AC7F-BB35291B3E8A}.Debug|Any CPU.ActiveCfg = Debug|Any CPU
		{A6A068A0-2DA7-44DC-AC7F-BB35291B3E8A}.Debug|Any CPU.Build.0 = Debug|Any CPU
		{A6A068A0-2DA7-44DC-AC7F-BB35291B3E8A}.Release|Any CPU.ActiveCfg = Release|Any CPU
		{A6A068A0-2DA7-44DC-AC7F-BB35291B3E8A}.Release|Any CPU.Build.0 = Release|Any CPU
	EndGlobalSection
	GlobalSection(SolutionProperties) = preSolution
		HideSolutionNode = FALSE
	EndGlobalSection
	GlobalSection(ExtensibilityGlobals) = postSolution
		SolutionGuid = {9541BF8C-70F6-416D-B3C2-2784E7AD98F0}
	EndGlobalSection
EndGlobal
