
Microsoft Visual Studio Solution File, Format Version 12.00
# Visual Studio Version 17
VisualStudioVersion = 17.7.34024.191
MinimumVisualStudioVersion = 10.0.40219.1
Project("{9A19103F-16F7-4668-BE54-9A1E7A4F7556}") = "PZ_01", "PZ_01\PZ_01.csproj", "{A6A068A0-2DA7-44DC-AC7F-BB35291B3E8A}"
EndProject
Project("{9A19103F-16F7-4668-BE54-9A1E7A4F7556}") = "PZ_02", "PZ_02\PZ_02.csproj", "{AAFB7F88-2729-4E86-9AAF-9C781B9DC1F3}"
EndProject
Project("{9A19103F-16F7-4668-BE54-9A1E7A4F7556}") = "PZ_03", "PZ_03\PZ_03.csproj", "{B4F42B54-2290-49BB-BAF1-D5958710C42D}"
EndProject
Project("{9A19103F-16F7-4668-BE54-9A1E7A4F7556}") = "PZ_04", "PZ_04\PZ_04.csproj", "{6F146244-03B2-4775-8DDF-2B47A559B899}"
EndProject
Project("{9A19103F-16F7-4668-BE54-9A1E7A4F7556}") = "PZ_05", "PZ_05\PZ_05.csproj", "{9D6AFF7C-E4BE-4F2B-B604-8FC17D77F4E2}"
EndProject
Project("{9A19103F-16F7-4668-BE54-9A1E7A4F7556}") = "PZ_06", "PZ_06\PZ_06.csproj", "{EF0BCE5B-F38C-445E-8C32-769C6AEED00E}"
EndProject
Project("{9A19103F-16F7-4668-BE54-9A1E7A4F7556}") = "PZ_07", "PZ_07\PZ_07.csproj", "{94A826A3-3FF5-4172-9567-B1F3486F291B}"
EndProject
Project("{9A19103F-16F7-4668-BE54-9A1E7A4F7556}") = "PZ_08", "PZ_08\PZ_08.csproj", "{BE5BC916-AE18-4023-8BDC-DBC24CCACB47}"
EndProject
Project("{9A19103F-16F7-4668-BE54-9A1E7A4F7556}") = "PZ_09", "PZ_09\PZ_09.csproj", "{A1B98D62-CB0A-4A6B-A30C-2C426B1F7042}"
EndProject
Project("{9A19103F-16F7-4668-BE54-9A1E7A4F7556}") = "PZ_10", "PZ_10\PZ_10.csproj", "{57A6E0BD-027C-4861-96B8-D8DDB86BE9E1}"
EndProject
Project("{9A19103F-16F7-4668-BE54-9A1E7A4F7556}") = "PZ_11", "PZ_11\PZ_11.csproj", "{CFC01791-96BD-419C-AAAD-233D5697CCB3}"
EndProject
Project("{9A19103F-16F7-4668-BE54-9A1E7A4F7556}") = "PZ_12", "PZ_12\PZ_12.csproj", "{FD6EE40B-6801-4F40-BD2E-D2D0A04D8022}"
EndProject
Project("{FAE04EC0-301F-11D3-BF4B-00C04F79EFBC}") = "PZ_13", "PZ_13\PZ_13.csproj", "{3FCAA519-A817-408A-9203-6E047A4F7DDE}"
EndProject
Global
	GlobalSection(SolutionConfigurationPlatforms) = preSolution
		Debug|Any CPU = Debug|Any CPU
		Release|Any CPU = Release|Any CPU
	EndGlobalSection
	GlobalSection(ProjectConfigurationPlatforms) = postSolution
		{A6A068A0-2DA7-44DC-AC7F-BB35291B3E8A}.Debug|Any CPU.ActiveCfg = Debug|Any CPU
		{A6A068A0-2DA7-44DC-AC7F-BB35291B3E8A}.Debug|Any CPU.Build.0 = Debug|Any CPU
		{A6A068A0-2DA7-44DC-AC7F-BB35291B3E8A}.Release|Any CPU.ActiveCfg = Release|Any CPU
		{A6A068A0-2DA7-44DC-AC7F-BB35291B3E8A}.Release|Any CPU.Build.0 = Release|Any CPU
		{AAFB7F88-2729-4E86-9AAF-9C781B9DC1F3}.Debug|Any CPU.ActiveCfg = Debug|Any CPU
		{AAFB7F88-2729-4E86-9AAF-9C781B9DC1F3}.Debug|Any CPU.Build.0 = Debug|Any CPU
		{AAFB7F88-2729-4E86-9AAF-9C781B9DC1F3}.Release|Any CPU.ActiveCfg = Release|Any CPU
		{AAFB7F88-2729-4E86-9AAF-9C781B9DC1F3}.Release|Any CPU.Build.0 = Release|Any CPU
		{B4F42B54-2290-49BB-BAF1-D5958710C42D}.Debug|Any CPU.ActiveCfg = Debug|Any CPU
		{B4F42B54-2290-49BB-BAF1-D5958710C42D}.Debug|Any CPU.Build.0 = Debug|Any CPU
		{B4F42B54-2290-49BB-BAF1-D5958710C42D}.Release|Any CPU.ActiveCfg = Release|Any CPU
		{B4F42B54-2290-49BB-BAF1-D5958710C42D}.Release|Any CPU.Build.0 = Release|Any CPU
		{6F146244-03B2-4775-8DDF-2B47A559B899}.Debug|Any CPU.ActiveCfg = Debug|Any CPU
		{6F146244-03B2-4775-8DDF-2B47A559B899}.Debug|Any CPU.Build.0 = Debug|Any CPU
		{6F146244-03B2-4775-8DDF-2B47A559B899}.Release|Any CPU.ActiveCfg = Release|Any CPU
		{6F146244-03B2-4775-8DDF-2B47A559B899}.Release|Any CPU.Build.0 = Release|Any CPU
		{9D6AFF7C-E4BE-4F2B-B604-8FC17D77F4E2}.Debug|Any CPU.ActiveCfg = Debug|Any CPU
		{9D6AFF7C-E4BE-4F2B-B604-8FC17D77F4E2}.Debug|Any CPU.Build.0 = Debug|Any CPU
		{9D6AFF7C-E4BE-4F2B-B604-8FC17D77F4E2}.Release|Any CPU.ActiveCfg = Release|Any CPU
		{9D6AFF7C-E4BE-4F2B-B604-8FC17D77F4E2}.Release|Any CPU.Build.0 = Release|Any CPU
		{EF0BCE5B-F38C-445E-8C32-769C6AEED00E}.Debug|Any CPU.ActiveCfg = Debug|Any CPU
		{EF0BCE5B-F38C-445E-8C32-769C6AEED00E}.Debug|Any CPU.Build.0 = Debug|Any CPU
		{EF0BCE5B-F38C-445E-8C32-769C6AEED00E}.Release|Any CPU.ActiveCfg = Release|Any CPU
		{EF0BCE5B-F38C-445E-8C32-769C6AEED00E}.Release|Any CPU.Build.0 = Release|Any CPU
		{94A826A3-3FF5-4172-9567-B1F3486F291B}.Debug|Any CPU.ActiveCfg = Debug|Any CPU
		{94A826A3-3FF5-4172-9567-B1F3486F291B}.Debug|Any CPU.Build.0 = Debug|Any CPU
		{94A826A3-3FF5-4172-9567-B1F3486F291B}.Release|Any CPU.ActiveCfg = Release|Any CPU
		{94A826A3-3FF5-4172-9567-B1F3486F291B}.Release|Any CPU.Build.0 = Release|Any CPU
		{BE5BC916-AE18-4023-8BDC-DBC24CCACB47}.Debug|Any CPU.ActiveCfg = Debug|Any CPU
		{BE5BC916-AE18-4023-8BDC-DBC24CCACB47}.Debug|Any CPU.Build.0 = Debug|Any CPU
		{BE5BC916-AE18-4023-8BDC-DBC24CCACB47}.Release|Any CPU.ActiveCfg = Release|Any CPU
		{BE5BC916-AE18-4023-8BDC-DBC24CCACB47}.Release|Any CPU.Build.0 = Release|Any CPU
		{A1B98D62-CB0A-4A6B-A30C-2C426B1F7042}.Debug|Any CPU.ActiveCfg = Debug|Any CPU
		{A1B98D62-CB0A-4A6B-A30C-2C426B1F7042}.Debug|Any CPU.Build.0 = Debug|Any CPU
		{A1B98D62-CB0A-4A6B-A30C-2C426B1F7042}.Release|Any CPU.ActiveCfg = Release|Any CPU
		{A1B98D62-CB0A-4A6B-A30C-2C426B1F7042}.Release|Any CPU.Build.0 = Release|Any CPU
		{57A6E0BD-027C-4861-96B8-D8DDB86BE9E1}.Debug|Any CPU.ActiveCfg = Debug|Any CPU
		{57A6E0BD-027C-4861-96B8-D8DDB86BE9E1}.Debug|Any CPU.Build.0 = Debug|Any CPU
		{57A6E0BD-027C-4861-96B8-D8DDB86BE9E1}.Release|Any CPU.ActiveCfg = Release|Any CPU
		{57A6E0BD-027C-4861-96B8-D8DDB86BE9E1}.Release|Any CPU.Build.0 = Release|Any CPU
		{CFC01791-96BD-419C-AAAD-233D5697CCB3}.Debug|Any CPU.ActiveCfg = Debug|Any CPU
		{CFC01791-96BD-419C-AAAD-233D5697CCB3}.Debug|Any CPU.Build.0 = Debug|Any CPU
		{CFC01791-96BD-419C-AAAD-233D5697CCB3}.Release|Any CPU.ActiveCfg = Release|Any CPU
		{CFC01791-96BD-419C-AAAD-233D5697CCB3}.Release|Any CPU.Build.0 = Release|Any CPU
		{FD6EE40B-6801-4F40-BD2E-D2D0A04D8022}.Debug|Any CPU.ActiveCfg = Debug|Any CPU
		{FD6EE40B-6801-4F40-BD2E-D2D0A04D8022}.Debug|Any CPU.Build.0 = Debug|Any CPU
		{FD6EE40B-6801-4F40-BD2E-D2D0A04D8022}.Release|Any CPU.ActiveCfg = Release|Any CPU
		{FD6EE40B-6801-4F40-BD2E-D2D0A04D8022}.Release|Any CPU.Build.0 = Release|Any CPU
		{3FCAA519-A817-408A-9203-6E047A4F7DDE}.Debug|Any CPU.ActiveCfg = Debug|Any CPU
		{3FCAA519-A817-408A-9203-6E047A4F7DDE}.Debug|Any CPU.Build.0 = Debug|Any CPU
		{3FCAA519-A817-408A-9203-6E047A4F7DDE}.Release|Any CPU.ActiveCfg = Release|Any CPU
		{3FCAA519-A817-408A-9203-6E047A4F7DDE}.Release|Any CPU.Build.0 = Release|Any CPU
	EndGlobalSection
	GlobalSection(SolutionProperties) = preSolution
		HideSolutionNode = FALSE
	EndGlobalSection
	GlobalSection(ExtensibilityGlobals) = postSolution
		SolutionGuid = {9541BF8C-70F6-416D-B3C2-2784E7AD98F0}
	EndGlobalSection
EndGlobal
